<?xml version="1.0" encoding="utf-8"?>
<Project ToolsVersion="4.0" xmlns="http://schemas.microsoft.com/developer/msbuild/2003">
  <ItemGroup>
    <Filter Include="algorithm">
      <UniqueIdentifier>{46301c86-409c-4926-8087-0635f737c839}</UniqueIdentifier>
    </Filter>
    <Filter Include="random">
      <UniqueIdentifier>{4a48adca-72a2-42dc-8b68-29ebbb569d21}</UniqueIdentifier>
    </Filter>
    <Filter Include="log">
      <UniqueIdentifier>{0569e31c-40ac-4956-8722-43cf0046c161}</UniqueIdentifier>
    </Filter>
    <Filter Include="type">
      <UniqueIdentifier>{91e85157-cdb7-4795-beb1-6343eb75b63c}</UniqueIdentifier>
    </Filter>
    <Filter Include="system">
      <UniqueIdentifier>{96ef39d0-2b8f-44c3-b45e-5d452fe24dd6}</UniqueIdentifier>
    </Filter>
    <Filter Include="io">
      <UniqueIdentifier>{f736882f-5de8-4d59-8578-e08a83d694dc}</UniqueIdentifier>
    </Filter>
    <Filter Include="math">
      <UniqueIdentifier>{87d57cc2-312a-43da-964b-ae007d766f73}</UniqueIdentifier>
    </Filter>
  </ItemGroup>
  <ItemGroup>
    <None Include="..\README" />
    <None Include="..\LICENSE" />
  </ItemGroup>
  <ItemGroup>
    <ClInclude Include="..\Tester.h" />
    <ClInclude Include="..\algorithm\BidirectionIndex.h">
      <Filter>algorithm</Filter>
    </ClInclude>
    <ClInclude Include="..\algorithm\Graph.h">
      <Filter>algorithm</Filter>
    </ClInclude>
    <ClInclude Include="..\log\Trace.h">
      <Filter>log</Filter>
    </ClInclude>
    <ClInclude Include="..\log\Log.h">
      <Filter>log</Filter>
    </ClInclude>
    <ClInclude Include="..\random\Random.h">
      <Filter>random</Filter>
    </ClInclude>
    <ClInclude Include="..\random\RandSelect.h">
      <Filter>random</Filter>
    </ClInclude>
    <ClInclude Include="..\type\Convert.h">
      <Filter>type</Filter>
    </ClInclude>
    <ClInclude Include="..\type\Double.h">
      <Filter>type</Filter>
    </ClInclude>
    <ClInclude Include="..\type\Integer.h">
      <Filter>type</Filter>
    </ClInclude>
    <ClInclude Include="..\type\VectorMD.h">
      <Filter>type</Filter>
    </ClInclude>
    <ClInclude Include="..\algorithm\Counter.h">
      <Filter>algorithm</Filter>
    </ClInclude>
    <ClInclude Include="..\algorithm\SetOperation.h">
      <Filter>algorithm</Filter>
    </ClInclude>
    <ClInclude Include="..\log\Timer.h">
      <Filter>log</Filter>
    </ClInclude>
    <ClInclude Include="..\system\System.h">
      <Filter>system</Filter>
    </ClInclude>
    <ClInclude Include="..\system\Directory.h">
      <Filter>system</Filter>
    </ClInclude>
    <ClInclude Include="..\io\File.h">
      <Filter>io</Filter>
    </ClInclude>
    <ClInclude Include="..\system\Termination.h">
      <Filter>system</Filter>
    </ClInclude>
    <ClInclude Include="..\system\Memory.h">
      <Filter>system</Filter>
    </ClInclude>
    <ClInclude Include="..\algorithm\String.h">
      <Filter>algorithm</Filter>
    </ClInclude>
    <ClInclude Include="..\type\Arr.h">
      <Filter>type</Filter>
    </ClInclude>
    <ClInclude Include="..\type\PriorityQueue.h">
      <Filter>type</Filter>
    </ClInclude>
    <ClInclude Include="..\random\RandSample.h">
      <Filter>random</Filter>
    </ClInclude>
    <ClInclude Include="..\math\Math.h">
      <Filter>math</Filter>
    </ClInclude>
    <ClInclude Include="..\math\Oscillator.h">
      <Filter>math</Filter>
    </ClInclude>
    <ClInclude Include="..\type\ConsecutiveNonNegativeIdMap.h">
      <Filter>type</Filter>
    </ClInclude>
    <ClInclude Include="..\type\LoopQueue.h">
      <Filter>type</Filter>
    </ClInclude>
    <ClInclude Include="..\system\Exception.h">
      <Filter>system</Filter>
    </ClInclude>
    <ClInclude Include="..\system\Madro.h">
      <Filter>system</Filter>
    </ClInclude>
    <ClInclude Include="..\system\ThreadPool.h">
      <Filter>system</Filter>
    </ClInclude>
    <ClInclude Include="..\system\Semaphore.h">
      <Filter>system</Filter>
    </ClInclude>
    <ClInclude Include="..\math\Interval.h">
      <Filter>math</Filter>
    </ClInclude>
  </ItemGroup>
  <ItemGroup>
    <ClCompile Include="..\Tester.cpp" />
    <ClCompile Include="..\algorithm\BidirectionIndex.cpp">
      <Filter>algorithm</Filter>
    </ClCompile>
    <ClCompile Include="..\log\Trace.cpp">
      <Filter>log</Filter>
    </ClCompile>
    <ClCompile Include="..\type\Double.cpp">
      <Filter>type</Filter>
    </ClCompile>
    <ClCompile Include="..\type\Integer.cpp">
      <Filter>type</Filter>
    </ClCompile>
    <ClCompile Include="..\system\Directory.cpp">
      <Filter>system</Filter>
    </ClCompile>
    <ClCompile Include="..\io\File.cpp">
      <Filter>io</Filter>
    </ClCompile>
    <ClCompile Include="..\system\Termination.cpp">
      <Filter>system</Filter>
    </ClCompile>
  </ItemGroup>
</Project>